// !$*UTF8*$!
{
	archiveVersion = 1;
	classes = {
	};
	objectVersion = 50;
	objects = {

/* Begin PBXBuildFile section */
		F631FA9C267B95C800A2E9FA /* Navigation_SideApp.swift in Sources */ = {isa = PBXBuildFile; fileRef = F631FA9B267B95C800A2E9FA /* Navigation_SideApp.swift */; };
		F631FA9E267B95C800A2E9FA /* ContentView.swift in Sources */ = {isa = PBXBuildFile; fileRef = F631FA9D267B95C800A2E9FA /* ContentView.swift */; };
		F631FAA0267B95CA00A2E9FA /* Assets.xcassets in Resources */ = {isa = PBXBuildFile; fileRef = F631FA9F267B95CA00A2E9FA /* Assets.xcassets */; };
		F631FAA3267B95CA00A2E9FA /* Preview Assets.xcassets in Resources */ = {isa = PBXBuildFile; fileRef = F631FAA2267B95CA00A2E9FA /* Preview Assets.xcassets */; };
		F631FAAC267B95F100A2E9FA /* MainView.swift in Sources */ = {isa = PBXBuildFile; fileRef = F631FAAB267B95F100A2E9FA /* MainView.swift */; };
/* End PBXBuildFile section */

/* Begin PBXFileReference section */
		F631FA98267B95C800A2E9FA /* Navigation-Side.app */ = {isa = PBXFileReference; explicitFileType = wrapper.application; includeInIndex = 0; path = "Navigation-Side.app"; sourceTree = BUILT_PRODUCTS_DIR; };
		F631FA9B267B95C800A2E9FA /* Navigation_SideApp.swift */ = {isa = PBXFileReference; lastKnownFileType = sourcecode.swift; path = Navigation_SideApp.swift; sourceTree = "<group>"; };
		F631FA9D267B95C800A2E9FA /* ContentView.swift */ = {isa = PBXFileReference; lastKnownFileType = sourcecode.swift; path = ContentView.swift; sourceTree = "<group>"; };
		F631FA9F267B95CA00A2E9FA /* Assets.xcassets */ = {isa = PBXFileReference; lastKnownFileType = folder.assetcatalog; path = Assets.xcassets; sourceTree = "<group>"; };
		F631FAA2267B95CA00A2E9FA /* Preview Assets.xcassets */ = {isa = PBXFileReference; lastKnownFileType = folder.assetcatalog; path = "Preview Assets.xcassets"; sourceTree = "<group>"; };
		F631FAA4267B95CA00A2E9FA /* Info.plist */ = {isa = PBXFileReference; lastKnownFileType = text.plist.xml; path = Info.plist; sourceTree = "<group>"; };
		F631FAAB267B95F100A2E9FA /* MainView.swift */ = {isa = PBXFileReference; lastKnownFileType = sourcecode.swift; path = MainView.swift; sourceTree = "<group>"; };
/* End PBXFileReference section */

/* Begin PBXFrameworksBuildPhase section */
		F631FA95267B95C800A2E9FA /* Frameworks */ = {
			isa = PBXFrameworksBuildPhase;
			buildActionMask = 2147483647;
			files = (
			);
			runOnlyForDeploymentPostprocessing = 0;
		};
/* End PBXFrameworksBuildPhase section */

/* Begin PBXGroup section */
		F631FA8F267B95C800A2E9FA = {
			isa = PBXGroup;
			children = (
				F631FA9A267B95C800A2E9FA /* Navigation-Side */,
				F631FA99267B95C800A2E9FA /* Products */,
			);
			sourceTree = "<group>";
		};
		F631FA99267B95C800A2E9FA /* Products */ = {
			isa = PBXGroup;
			children = (
				F631FA98267B95C800A2E9FA /* Navigation-Side.app */,
			);
			name = Products;
			sourceTree = "<group>";
		};
		F631FA9A267B95C800A2E9FA /* Navigation-Side */ = {
			isa = PBXGroup;
			children = (
				F631FAAA267B95D500A2E9FA /* VIew */,
				F631FA9B267B95C800A2E9FA /* Navigation_SideApp.swift */,
				F631FA9D267B95C800A2E9FA /* ContentView.swift */,
				F631FA9F267B95CA00A2E9FA /* Assets.xcassets */,
				F631FAA4267B95CA00A2E9FA /* Info.plist */,
				F631FAA1267B95CA00A2E9FA /* Preview Content */,
			);
			path = "Navigation-Side";
			sourceTree = "<group>";
		};
		F631FAA1267B95CA00A2E9FA /* Preview Content */ = {
			isa = PBXGroup;
			children = (
				F631FAA2267B95CA00A2E9FA /* Preview Assets.xcassets */,
			);
			path = "Preview Content";
			sourceTree = "<group>";
		};
		F631FAAA267B95D500A2E9FA /* VIew */ = {
			isa = PBXGroup;
			children = (
				F631FAAB267B95F100A2E9FA /* MainView.swift */,
			);
			path = VIew;
			sourceTree = "<group>";
		};
/* End PBXGroup section */

/* Begin PBXNativeTarget section */
		F631FA97267B95C800A2E9FA /* Navigation-Side */ = {
			isa = PBXNativeTarget;
			buildConfigurationList = F631FAA7267B95CA00A2E9FA /* Build configuration list for PBXNativeTarget "Navigation-Side" */;
			buildPhases = (
				F631FA94267B95C800A2E9FA /* Sources */,
				F631FA95267B95C800A2E9FA /* Frameworks */,
				F631FA96267B95C800A2E9FA /* Resources */,
			);
			buildRules = (
			);
			dependencies = (
			);
			name = "Navigation-Side";
			productName = "Navigation-Side";
			productReference = F631FA98267B95C800A2E9FA /* Navigation-Side.app */;
			productType = "com.apple.product-type.application";
		};
/* End PBXNativeTarget section */

/* Begin PBXProject section */
		F631FA90267B95C800A2E9FA /* Project object */ = {
			isa = PBXProject;
			attributes = {
				LastSwiftUpdateCheck = 1250;
				LastUpgradeCheck = 1250;
				TargetAttributes = {
					F631FA97267B95C800A2E9FA = {
						CreatedOnToolsVersion = 12.5;
					};
				};
			};
			buildConfigurationList = F631FA93267B95C800A2E9FA /* Build configuration list for PBXProject "Navigation-Side" */;
			compatibilityVersion = "Xcode 9.3";
			developmentRegion = en;
			hasScannedForEncodings = 0;
			knownRegions = (
				en,
				Base,
			);
			mainGroup = F631FA8F267B95C800A2E9FA;
			productRefGroup = F631FA99267B95C800A2E9FA /* Products */;
			projectDirPath = "";
			projectRoot = "";
			targets = (
				F631FA97267B95C800A2E9FA /* Navigation-Side */,
			);
		};
/* End PBXProject section */

/* Begin PBXResourcesBuildPhase section */
		F631FA96267B95C800A2E9FA /* Resources */ = {
			isa = PBXResourcesBuildPhase;
			buildActionMask = 2147483647;
			files = (
				F631FAA3267B95CA00A2E9FA /* Preview Assets.xcassets in Resources */,
				F631FAA0267B95CA00A2E9FA /* Assets.xcassets in Resources */,
			);
			runOnlyForDeploymentPostprocessing = 0;
		};
/* End PBXResourcesBuildPhase section */

/* Begin PBXSourcesBuildPhase section */
		F631FA94267B95C800A2E9FA /* Sources */ = {
			isa = PBXSourcesBuildPhase;
			buildActionMask = 2147483647;
			files = (
				F631FA9E267B95C800A2E9FA /* ContentView.swift in Sources */,
				F631FAAC267B95F100A2E9FA /* MainView.swift in Sources */,
				F631FA9C267B95C800A2E9FA /* Navigation_SideApp.swift in Sources */,
			);
			runOnlyForDeploymentPostprocessing = 0;
		};
/* End PBXSourcesBuildPhase section */

/* Begin XCBuildConfiguration section */
		F631FAA5267B95CA00A2E9FA /* Debug */ = {
			isa = XCBuildConfiguration;
			buildSettings = {
				ALWAYS_SEARCH_USER_PATHS = NO;
				CLANG_ANALYZER_NONNULL = YES;
				CLANG_ANALYZER_NUMBER_OBJECT_CONVERSION = YES_AGGRESSIVE;
				CLANG_CXX_LANGUAGE_STANDARD = "gnu++14";
				CLANG_CXX_LIBRARY = "libc++";
				CLANG_ENABLE_MODULES = YES;
				CLANG_ENABLE_OBJC_ARC = YES;
				CLANG_ENABLE_OBJC_WEAK = YES;
				CLANG_WARN_BLOCK_CAPTURE_AUTORELEASING = YES;
				CLANG_WARN_BOOL_CONVERSION = YES;
				CLANG_WARN_COMMA = YES;
				CLANG_WARN_CONSTANT_CONVERSION = YES;
				CLANG_WARN_DEPRECATED_OBJC_IMPLEMENTATIONS = YES;
				CLANG_WARN_DIRECT_OBJC_ISA_USAGE = YES_ERROR;
				CLANG_WARN_DOCUMENTATION_COMMENTS = YES;
				CLANG_WARN_EMPTY_BODY = YES;
				CLANG_WARN_ENUM_CONVERSION = YES;
				CLANG_WARN_INFINITE_RECURSION = YES;
				CLANG_WARN_INT_CONVERSION = YES;
				CLANG_WARN_NON_LITERAL_NULL_CONVERSION = YES;
				CLANG_WARN_OBJC_IMPLICIT_RETAIN_SELF = YES;
				CLANG_WARN_OBJC_LITERAL_CONVERSION = YES;
				CLANG_WARN_OBJC_ROOT_CLASS = YES_ERROR;
				CLANG_WARN_QUOTED_INCLUDE_IN_FRAMEWORK_HEADER = YES;
				CLANG_WARN_RANGE_LOOP_ANALYSIS = YES;
				CLANG_WARN_STRICT_PROTOTYPES = YES;
				CLANG_WARN_SUSPICIOUS_MOVE = YES;
				CLANG_WARN_UNGUARDED_AVAILABILITY = YES_AGGRESSIVE;
				CLANG_WARN_UNREACHABLE_CODE = YES;
				CLANG_WARN__DUPLICATE_METHOD_MATCH = YES;
				COPY_PHASE_STRIP = NO;
				DEBUG_INFORMATION_FORMAT = dwarf;
				ENABLE_STRICT_OBJC_MSGSEND = YES;
				ENABLE_TESTABILITY = YES;
				GCC_C_LANGUAGE_STANDARD = gnu11;
				GCC_DYNAMIC_NO_PIC = NO;
				GCC_NO_COMMON_BLOCKS = YES;
				GCC_OPTIMIZATION_LEVEL = 0;
				GCC_PREPROCESSOR_DEFINITIONS = (
					"DEBUG=1",
					"$(inherited)",
				);
				GCC_WARN_64_TO_32_BIT_CONVERSION = YES;
				GCC_WARN_ABOUT_RETURN_TYPE = YES_ERROR;
				GCC_WARN_UNDECLARED_SELECTOR = YES;
				GCC_WARN_UNINITIALIZED_AUTOS = YES_AGGRESSIVE;
				GCC_WARN_UNUSED_FUNCTION = YES;
				GCC_WARN_UNUSED_VARIABLE = YES;
				IPHONEOS_DEPLOYMENT_TARGET = 14.5;
				MTL_ENABLE_DEBUG_INFO = INCLUDE_SOURCE;
				MTL_FAST_MATH = YES;
				ONLY_ACTIVE_ARCH = YES;
				SDKROOT = iphoneos;
				SWIFT_ACTIVE_COMPILATION_CONDITIONS = DEBUG;
				SWIFT_OPTIMIZATION_LEVEL = "-Onone";
			};
			name = Debug;
		};
		F631FAA6267B95CA00A2E9FA /* Release */ = {
			isa = XCBuildConfiguration;
			buildSettings = {
				ALWAYS_SEARCH_USER_PATHS = NO;
				CLANG_ANALYZER_NONNULL = YES;
				CLANG_ANALYZER_NUMBER_OBJECT_CONVERSION = YES_AGGRESSIVE;
				CLANG_CXX_LANGUAGE_STANDARD = "gnu++14";
				CLANG_CXX_LIBRARY = "libc++";
				CLANG_ENABLE_MODULES = YES;
				CLANG_ENABLE_OBJC_ARC = YES;
				CLANG_ENABLE_OBJC_WEAK = YES;
				CLANG_WARN_BLOCK_CAPTURE_AUTORELEASING = YES;
				CLANG_WARN_BOOL_CONVERSION = YES;
				CLANG_WARN_COMMA = YES;
				CLANG_WARN_CONSTANT_CONVERSION = YES;
				CLANG_WARN_DEPRECATED_OBJC_IMPLEMENTATIONS = YES;
				CLANG_WARN_DIRECT_OBJC_ISA_USAGE = YES_ERROR;
				CLANG_WARN_DOCUMENTATION_COMMENTS = YES;
				CLANG_WARN_EMPTY_BODY = YES;
				CLANG_WARN_ENUM_CONVERSION = YES;
				CLANG_WARN_INFINITE_RECURSION = YES;
				CLANG_WARN_INT_CONVERSION = YES;
				CLANG_WARN_NON_LITERAL_NULL_CONVERSION = YES;
				CLANG_WARN_OBJC_IMPLICIT_RETAIN_SELF = YES;
				CLANG_WARN_OBJC_LITERAL_CONVERSION = YES;
				CLANG_WARN_OBJC_ROOT_CLASS = YES_ERROR;
				CLANG_WARN_QUOTED_INCLUDE_IN_FRAMEWORK_HEADER = YES;
				CLANG_WARN_RANGE_LOOP_ANALYSIS = YES;
				CLANG_WARN_STRICT_PROTOTYPES = YES;
				CLANG_WARN_SUSPICIOUS_MOVE = YES;
				CLANG_WARN_UNGUARDED_AVAILABILITY = YES_AGGRESSIVE;
				CLANG_WARN_UNREACHABLE_CODE = YES;
				CLANG_WARN__DUPLICATE_METHOD_MATCH = YES;
				COPY_PHASE_STRIP = NO;
				DEBUG_INFORMATION_FORMAT = "dwarf-with-dsym";
				ENABLE_NS_ASSERTIONS = NO;
				ENABLE_STRICT_OBJC_MSGSEND = YES;
				GCC_C_LANGUAGE_STANDARD = gnu11;
				GCC_NO_COMMON_BLOCKS = YES;
				GCC_WARN_64_TO_32_BIT_CONVERSION = YES;
				GCC_WARN_ABOUT_RETURN_TYPE = YES_ERROR;
				GCC_WARN_UNDECLARED_SELECTOR = YES;
				GCC_WARN_UNINITIALIZED_AUTOS = YES_AGGRESSIVE;
				GCC_WARN_UNUSED_FUNCTION = YES;
				GCC_WARN_UNUSED_VARIABLE = YES;
				IPHONEOS_DEPLOYMENT_TARGET = 14.5;
				MTL_ENABLE_DEBUG_INFO = NO;
				MTL_FAST_MATH = YES;
				SDKROOT = iphoneos;
				SWIFT_COMPILATION_MODE = wholemodule;
				SWIFT_OPTIMIZATION_LEVEL = "-O";
				VALIDATE_PRODUCT = YES;
			};
			name = Release;
		};
		F631FAA8267B95CA00A2E9FA /* Debug */ = {
			isa = XCBuildConfiguration;
			buildSettings = {
				ASSETCATALOG_COMPILER_APPICON_NAME = AppIcon;
				ASSETCATALOG_COMPILER_GLOBAL_ACCENT_COLOR_NAME = AccentColor;
				CODE_SIGN_STYLE = Automatic;
				DEVELOPMENT_ASSET_PATHS = "\"Navigation-Side/Preview Content\"";
				DEVELOPMENT_TEAM = 73DJK9R2PB;
				ENABLE_PREVIEWS = YES;
				INFOPLIST_FILE = "Navigation-Side/Info.plist";
				IPHONEOS_DEPLOYMENT_TARGET = 14.0;
				LD_RUNPATH_SEARCH_PATHS = (
					"$(inherited)",
					"@executable_path/Frameworks",
				);
				PRODUCT_BUNDLE_IDENTIFIER = "safarslife.Navigation-Side";
				PRODUCT_NAME = "$(TARGET_NAME)";
				SWIFT_VERSION = 5.0;
				TARGETED_DEVICE_FAMILY = "1,2";
			};
			name = Debug;
		};
		F631FAA9267B95CA00A2E9FA /* Release */ = {
			isa = XCBuildConfiguration;
			buildSettings = {
				ASSETCATALOG_COMPILER_APPICON_NAME = AppIcon;
				ASSETCATALOG_COMPILER_GLOBAL_ACCENT_COLOR_NAME = AccentColor;
				CODE_SIGN_STYLE = Automatic;
				DEVELOPMENT_ASSET_PATHS = "\"Navigation-Side/Preview Content\"";
				DEVELOPMENT_TEAM = 73DJK9R2PB;
				ENABLE_PREVIEWS = YES;
				INFOPLIST_FILE = "Navigation-Side/Info.plist";
				IPHONEOS_DEPLOYMENT_TARGET = 14.0;
				LD_RUNPATH_SEARCH_PATHS = (
					"$(inherited)",
					"@executable_path/Frameworks",
				);
				PRODUCT_BUNDLE_IDENTIFIER = "safarslife.Navigation-Side";
				PRODUCT_NAME = "$(TARGET_NAME)";
				SWIFT_VERSION = 5.0;
				TARGETED_DEVICE_FAMILY = "1,2";
			};
			name = Release;
		};
/* End XCBuildConfiguration section */

/* Begin XCConfigurationList section */
		F631FA93267B95C800A2E9FA /* Build configuration list for PBXProject "Navigation-Side" */ = {
			isa = XCConfigurationList;
			buildConfigurations = (
				F631FAA5267B95CA00A2E9FA /* Debug */,
				F631FAA6267B95CA00A2E9FA /* Release */,
			);
			defaultConfigurationIsVisible = 0;
			defaultConfigurationName = Release;
		};
		F631FAA7267B95CA00A2E9FA /* Build configuration list for PBXNativeTarget "Navigation-Side" */ = {
			isa = XCConfigurationList;
			buildConfigurations = (
				F631FAA8267B95CA00A2E9FA /* Debug */,
				F631FAA9267B95CA00A2E9FA /* Release */,
			);
			defaultConfigurationIsVisible = 0;
			defaultConfigurationName = Release;
		};
/* End XCConfigurationList section */
	};
	rootObject = F631FA90267B95C800A2E9FA /* Project object */;
}
